# This file is generated by running "yarn install" inside your project.
# Manual changes might be lost - proceed with caution!

__metadata:
  version: 8
  cacheKey: 10c0

"root-workspace-0b6124@workspace:.":
  version: 0.0.0-use.local
  resolution: "root-workspace-0b6124@workspace:."
  dependencies:
    tsc: "npm:^2.0.4"
  languageName: unknown
  linkType: soft

"tsc@npm:^2.0.4":
  version: 2.0.4
  resolution: "tsc@npm:2.0.4"
  bin:
    tsc: bin/tsc
  checksum: 10c0/4651d344891d995e62ab7ca64ce0a8597bbdc2d392886c9956d15caab4dc9bfe86e759d3385b3f97c49fb5294194a161d6812673e3f51e46357c82482f32c3ab
  languageName: node
  linkType: hard
